{
  "name": "@flexify/core",
  "version": "0.0.1",
  "lockfileVersion": 2,
  "requires": true,
  "packages": {
    "": {
      "name": "@flexify/core",
      "version": "0.0.1",
      "license": "MIT",
      "dependencies": {
        "uuid": "^8.3.2"
      },
      "devDependencies": {
        "@types/uuid": "^2.0.32",
        "typescript": "^4.4.0-dev.20210722"
      }
    },
    "node_modules/@types/node": {
      "version": "16.4.0",
      "resolved": "https://registry.npmjs.org/@types/node/-/node-16.4.0.tgz",
      "integrity": "sha512-HrJuE7Mlqcjj+00JqMWpZ3tY8w7EUd+S0U3L1+PQSWiXZbOgyQDvi+ogoUxaHApPJq5diKxYBQwA3iIlNcPqOg==",
      "dev": true
    },
    "node_modules/@types/uuid": {
      "version": "2.0.32",
      "resolved": "https://registry.npmjs.org/@types/uuid/-/uuid-2.0.32.tgz",
      "integrity": "sha512-kM2aqZ++xMFZMvEuUSHecTIjPqnul2T49pA4xHyslFkshs+IqS15NmZRju68mgmWjjyzpMEtOF9DGLFPIKFeKw==",
      "dev": true,
      "dependencies": {
        "@types/node": "*"
      }
    },
    "node_modules/typescript": {
      "version": "4.4.0-dev.20210722",
      "resolved": "https://registry.npmjs.org/typescript/-/typescript-4.4.0-dev.20210722.tgz",
      "integrity": "sha512-Af6At8ZAJXttGt3upZ26fvNzn/xryarRG3d6fv4cyUkhrBXzEM9s25varqcH8rGheqD62Djamtb3CEae4lhx8A==",
      "dev": true,
      "bin": {
        "tsc": "bin/tsc",
        "tsserver": "bin/tsserver"
      },
      "engines": {
        "node": ">=4.2.0"
      }
    },
    "node_modules/uuid": {
      "version": "8.3.2",
      "resolved": "https://registry.npmjs.org/uuid/-/uuid-8.3.2.tgz",
      "integrity": "sha512-+NYs2QeMWy+GWFOEm9xnn6HCDp0l7QBD7ml8zLUmJ+93Q5NF0NocErnwkTkXVFNiX3/fpC6afS8Dhb/gz7R7eg==",
      "bin": {
        "uuid": "dist/bin/uuid"
      }
    }
  },
  "dependencies": {
    "@types/node": {
      "version": "16.4.0",
      "resolved": "https://registry.npmjs.org/@types/node/-/node-16.4.0.tgz",
      "integrity": "sha512-HrJuE7Mlqcjj+00JqMWpZ3tY8w7EUd+S0U3L1+PQSWiXZbOgyQDvi+ogoUxaHApPJq5diKxYBQwA3iIlNcPqOg==",
      "dev": true
    },
    "@types/uuid": {
      "version": "2.0.32",
      "resolved": "https://registry.npmjs.org/@types/uuid/-/uuid-2.0.32.tgz",
      "integrity": "sha512-kM2aqZ++xMFZMvEuUSHecTIjPqnul2T49pA4xHyslFkshs+IqS15NmZRju68mgmWjjyzpMEtOF9DGLFPIKFeKw==",
      "dev": true,
      "requires": {
        "@types/node": "*"
      }
    },
    "typescript": {
      "version": "4.4.0-dev.20210722",
      "resolved": "https://registry.npmjs.org/typescript/-/typescript-4.4.0-dev.20210722.tgz",
      "integrity": "sha512-Af6At8ZAJXttGt3upZ26fvNzn/xryarRG3d6fv4cyUkhrBXzEM9s25varqcH8rGheqD62Djamtb3CEae4lhx8A==",
      "dev": true
    },
    "uuid": {
      "version": "8.3.2",
      "resolved": "https://registry.npmjs.org/uuid/-/uuid-8.3.2.tgz",
      "integrity": "sha512-+NYs2QeMWy+GWFOEm9xnn6HCDp0l7QBD7ml8zLUmJ+93Q5NF0NocErnwkTkXVFNiX3/fpC6afS8Dhb/gz7R7eg=="
    }
  }
}
